
Microsoft Visual Studio Solution File, Format Version 12.00
# Visual Studio 15
VisualStudioVersion = 15.0.27703.2000
MinimumVisualStudioVersion = 10.0.40219.1
Project("{E24C65DC-7377-472B-9ABA-BC803B73C61A}") = "zCreative", ".", "{0BCD58A2-0E13-40C4-9988-F1F73F27AE3D}"
	ProjectSection(WebsiteProperties) = preProject
		TargetFrameworkMoniker = ".NETFramework,Version%3Dv4.0"
		Debug.AspNetCompiler.VirtualPath = "/localhost_57002"
		Debug.AspNetCompiler.PhysicalPath = "..\zCreative\"
		Debug.AspNetCompiler.TargetPath = "PrecompiledWeb\localhost_57002\"
		Debug.AspNetCompiler.Updateable = "true"
		Debug.AspNetCompiler.ForceOverwrite = "true"
		Debug.AspNetCompiler.FixedNames = "false"
		Debug.AspNetCompiler.Debug = "True"
		Release.AspNetCompiler.VirtualPath = "/localhost_57002"
		Release.AspNetCompiler.PhysicalPath = "..\zCreative\"
		Release.AspNetCompiler.TargetPath = "PrecompiledWeb\localhost_57002\"
		Release.AspNetCompiler.Updateable = "true"
		Release.AspNetCompiler.ForceOverwrite = "true"
		Release.AspNetCompiler.FixedNames = "false"
		Release.AspNetCompiler.Debug = "False"
		VWDPort = "57002"
		SlnRelativePath = "..\zCreative\"
	EndProjectSection
EndProject
Global
	GlobalSection(SolutionConfigurationPlatforms) = preSolution
		Debug|Any CPU = Debug|Any CPU
	EndGlobalSection
	GlobalSection(ProjectConfigurationPlatforms) = postSolution
		{0BCD58A2-0E13-40C4-9988-F1F73F27AE3D}.Debug|Any CPU.ActiveCfg = Debug|Any CPU
		{0BCD58A2-0E13-40C4-9988-F1F73F27AE3D}.Debug|Any CPU.Build.0 = Debug|Any CPU
	EndGlobalSection
	GlobalSection(SolutionProperties) = preSolution
		HideSolutionNode = FALSE
	EndGlobalSection
	GlobalSection(ExtensibilityGlobals) = postSolution
		SolutionGuid = {4A61AE7C-705B-4143-9F11-2FDA730492AC}
	EndGlobalSection
EndGlobal
